{
  "name": "tall-components",
  "lockfileVersion": 3,
  "requires": true,
  "packages": {
    "": {
      "dependencies": {
        "filepond": "^4.30.6"
      }
    },
    "node_modules/filepond": {
      "version": "4.30.6",
      "resolved": "https://registry.npmjs.org/filepond/-/filepond-4.30.6.tgz",
      "integrity": "sha512-gBsVKJgr5HFTkQSA/3R6utne4Qt6Pue0O3+k3IjjVBbaQxMgGMI0fXwoob9SdRRoULCs8BAhWjttM28hOAi/0w=="
    }
  }
}
