{
  "name": "tall-components",
  "lockfileVersion": 3,
  "requires": true,
  "packages": {
    "": {
      "dependencies": {
        "filepond": "^4.30.6",
        "filepond-plugin-file-validate-size": "^2.2.8",
        "filepond-plugin-file-validate-type": "^1.2.9",
        "filepond-plugin-image-preview": "^4.6.12",
        "flatpickr": "^4.6.13",
        "quill": "^2.0.0-rc.2"
      }
    },
    "node_modules/eventemitter3": {
      "version": "5.0.1",
      "resolved": "https://registry.npmjs.org/eventemitter3/-/eventemitter3-5.0.1.tgz",
      "integrity": "sha512-GWkBvjiSZK87ELrYOSESUYeVIc9mvLLf/nXalMOS5dYrgZq9o5OVkbZAVM06CVxYsCwH9BDZFPlQTlPA1j4ahA=="
    },
    "node_modules/fast-diff": {
      "version": "1.3.0",
      "resolved": "https://registry.npmjs.org/fast-diff/-/fast-diff-1.3.0.tgz",
      "integrity": "sha512-VxPP4NqbUjj6MaAOafWeUn2cXWLcCtljklUtZf0Ind4XQ+QPtmA0b18zZy0jIQx+ExRVCR/ZQpBmik5lXshNsw=="
    },
    "node_modules/filepond": {
      "version": "4.30.6",
      "resolved": "https://registry.npmjs.org/filepond/-/filepond-4.30.6.tgz",
      "integrity": "sha512-gBsVKJgr5HFTkQSA/3R6utne4Qt6Pue0O3+k3IjjVBbaQxMgGMI0fXwoob9SdRRoULCs8BAhWjttM28hOAi/0w=="
    },
    "node_modules/filepond-plugin-file-validate-size": {
      "version": "2.2.8",
      "resolved": "https://registry.npmjs.org/filepond-plugin-file-validate-size/-/filepond-plugin-file-validate-size-2.2.8.tgz",
      "integrity": "sha512-yzb8scATmkWqPTP7oKQz6L8WwJm6Xmgc/fuq6DFGRaLz0I7372BUvBsxagBk/hypMIjvieNzhggm33Y60x3rcw==",
      "peerDependencies": {
        "filepond": ">=3.1.2 <5.x"
      }
    },
    "node_modules/filepond-plugin-file-validate-type": {
      "version": "1.2.9",
      "resolved": "https://registry.npmjs.org/filepond-plugin-file-validate-type/-/filepond-plugin-file-validate-type-1.2.9.tgz",
      "integrity": "sha512-Tzv07aNdZvjUXDRA3XL16QMEvh6llDrXlcZ6W0eTHQ+taHaVg/JKJTFs/AViO+6ZcpPCcQStbhYEL2HoS+vldw==",
      "peerDependencies": {
        "filepond": ">=1.x <5.x"
      }
    },
    "node_modules/filepond-plugin-image-preview": {
      "version": "4.6.12",
      "resolved": "https://registry.npmjs.org/filepond-plugin-image-preview/-/filepond-plugin-image-preview-4.6.12.tgz",
      "integrity": "sha512-Y8ETX5QVV0mbPB0586UH8AUmG9tZg8PuN5bdEAIlZVJFTct5ebViJ7+Am94/VhTPjLqZjBf1zmDq5JU6XRsZKw==",
      "peerDependencies": {
        "filepond": ">=4.x <5.x"
      }
    },
    "node_modules/flatpickr": {
      "version": "4.6.13",
      "resolved": "https://registry.npmjs.org/flatpickr/-/flatpickr-4.6.13.tgz",
      "integrity": "sha512-97PMG/aywoYpB4IvbvUJi0RQi8vearvU0oov1WW3k0WZPBMrTQVqekSX5CjSG/M4Q3i6A/0FKXC7RyAoAUUSPw=="
    },
    "node_modules/lodash-es": {
      "version": "4.17.21",
      "resolved": "https://registry.npmjs.org/lodash-es/-/lodash-es-4.17.21.tgz",
      "integrity": "sha512-mKnC+QJ9pWVzv+C4/U3rRsHapFfHvQFoFB92e52xeyGMcX6/OlIl78je1u8vePzYZSkkogMPJ2yjxxsb89cxyw=="
    },
    "node_modules/lodash.clonedeep": {
      "version": "4.5.0",
      "resolved": "https://registry.npmjs.org/lodash.clonedeep/-/lodash.clonedeep-4.5.0.tgz",
      "integrity": "sha512-H5ZhCF25riFd9uB5UCkVKo61m3S/xZk1x4wA6yp/L3RFP6Z/eHH1ymQcGLo7J3GMPfm0V/7m1tryHuGVxpqEBQ=="
    },
    "node_modules/lodash.isequal": {
      "version": "4.5.0",
      "resolved": "https://registry.npmjs.org/lodash.isequal/-/lodash.isequal-4.5.0.tgz",
      "integrity": "sha512-pDo3lu8Jhfjqls6GkMgpahsF9kCyayhgykjyLMNFTKWrpVdAQtYyB4muAMWozBB4ig/dtWAmsMxLEI8wuz+DYQ=="
    },
    "node_modules/parchment": {
      "version": "3.0.0-alpha.2",
      "resolved": "https://registry.npmjs.org/parchment/-/parchment-3.0.0-alpha.2.tgz",
      "integrity": "sha512-r/DoIj7e8efiTWUg+BHUlolpdE9/iNVtcFg8i7SvdlF7a7fgTAAwcXrpamNrf49IsGykyDcsfUZKGFVwMXZcyg=="
    },
    "node_modules/quill": {
      "version": "2.0.0-rc.2",
      "resolved": "https://registry.npmjs.org/quill/-/quill-2.0.0-rc.2.tgz",
      "integrity": "sha512-3uh7uZqXpN4t0HmHCjBHXSaeSgYNij6LP1t8ncEjr6+JMq5zR6svpH5Frx7Lxmxv1DUHYDE28eV7R3f4r8Z2Kw==",
      "dependencies": {
        "eventemitter3": "^5.0.1",
        "lodash-es": "^4.17.21",
        "parchment": "^3.0.0-alpha.2",
        "quill-delta": "^5.1.0"
      },
      "engines": {
        "npm": ">=8.2.3"
      }
    },
    "node_modules/quill-delta": {
      "version": "5.1.0",
      "resolved": "https://registry.npmjs.org/quill-delta/-/quill-delta-5.1.0.tgz",
      "integrity": "sha512-X74oCeRI4/p0ucjb5Ma8adTXd9Scumz367kkMK5V/IatcX6A0vlgLgKbzXWy5nZmCGeNJm2oQX0d2Eqj+ZIlCA==",
      "dependencies": {
        "fast-diff": "^1.3.0",
        "lodash.clonedeep": "^4.5.0",
        "lodash.isequal": "^4.5.0"
      },
      "engines": {
        "node": ">= 12.0.0"
      }
    }
  }
}
