{
  "name": "tall-components",
  "lockfileVersion": 3,
  "requires": true,
  "packages": {
    "": {
      "dependencies": {
        "filepond": "^4.30.6",
        "filepond-plugin-file-validate-size": "^2.2.8",
        "filepond-plugin-file-validate-type": "^1.2.9",
        "filepond-plugin-image-preview": "^4.6.12"
      }
    },
    "node_modules/filepond": {
      "version": "4.30.6",
      "resolved": "https://registry.npmjs.org/filepond/-/filepond-4.30.6.tgz",
      "integrity": "sha512-gBsVKJgr5HFTkQSA/3R6utne4Qt6Pue0O3+k3IjjVBbaQxMgGMI0fXwoob9SdRRoULCs8BAhWjttM28hOAi/0w=="
    },
    "node_modules/filepond-plugin-file-validate-size": {
      "version": "2.2.8",
      "resolved": "https://registry.npmjs.org/filepond-plugin-file-validate-size/-/filepond-plugin-file-validate-size-2.2.8.tgz",
      "integrity": "sha512-yzb8scATmkWqPTP7oKQz6L8WwJm6Xmgc/fuq6DFGRaLz0I7372BUvBsxagBk/hypMIjvieNzhggm33Y60x3rcw==",
      "peerDependencies": {
        "filepond": ">=3.1.2 <5.x"
      }
    },
    "node_modules/filepond-plugin-file-validate-type": {
      "version": "1.2.9",
      "resolved": "https://registry.npmjs.org/filepond-plugin-file-validate-type/-/filepond-plugin-file-validate-type-1.2.9.tgz",
      "integrity": "sha512-Tzv07aNdZvjUXDRA3XL16QMEvh6llDrXlcZ6W0eTHQ+taHaVg/JKJTFs/AViO+6ZcpPCcQStbhYEL2HoS+vldw==",
      "peerDependencies": {
        "filepond": ">=1.x <5.x"
      }
    },
    "node_modules/filepond-plugin-image-preview": {
      "version": "4.6.12",
      "resolved": "https://registry.npmjs.org/filepond-plugin-image-preview/-/filepond-plugin-image-preview-4.6.12.tgz",
      "integrity": "sha512-Y8ETX5QVV0mbPB0586UH8AUmG9tZg8PuN5bdEAIlZVJFTct5ebViJ7+Am94/VhTPjLqZjBf1zmDq5JU6XRsZKw==",
      "peerDependencies": {
        "filepond": ">=4.x <5.x"
      }
    }
  }
}
